
Microsoft Visual Studio Solution File, Format Version 11.00
# Visual Studio 2010
Project("{8BC9CEB8-8B4A-11D0-8D11-00A0C91BC942}") = "FlatWorld", "src\FlatWorld\FlatWorld.vcxproj", "{937EEF0F-E3EE-460B-9311-544B11ECD2B8}"
EndProject
Project("{8BC9CEB8-8B4A-11D0-8D11-00A0C91BC942}") = "Platformer", "src\Platformer\Platformer.vcxproj", "{198F1F4A-B045-4D92-BB83-42D11E49EDA3}"
EndProject
Global
	GlobalSection(SubversionScc) = preSolution
		Svn-Managed = True
		Manager = AnkhSVN - Subversion Support for Visual Studio
	EndGlobalSection
	GlobalSection(SolutionConfigurationPlatforms) = preSolution
		Debug|Win32 = Debug|Win32
		Release|Win32 = Release|Win32
	EndGlobalSection
	GlobalSection(ProjectConfigurationPlatforms) = postSolution
		{937EEF0F-E3EE-460B-9311-544B11ECD2B8}.Debug|Win32.ActiveCfg = Debug|Win32
		{937EEF0F-E3EE-460B-9311-544B11ECD2B8}.Debug|Win32.Build.0 = Debug|Win32
		{937EEF0F-E3EE-460B-9311-544B11ECD2B8}.Release|Win32.ActiveCfg = Release|Win32
		{937EEF0F-E3EE-460B-9311-544B11ECD2B8}.Release|Win32.Build.0 = Release|Win32
		{198F1F4A-B045-4D92-BB83-42D11E49EDA3}.Debug|Win32.ActiveCfg = Debug|Win32
		{198F1F4A-B045-4D92-BB83-42D11E49EDA3}.Debug|Win32.Build.0 = Debug|Win32
		{198F1F4A-B045-4D92-BB83-42D11E49EDA3}.Release|Win32.ActiveCfg = Release|Win32
		{198F1F4A-B045-4D92-BB83-42D11E49EDA3}.Release|Win32.Build.0 = Release|Win32
	EndGlobalSection
	GlobalSection(SolutionProperties) = preSolution
		HideSolutionNode = FALSE
	EndGlobalSection
EndGlobal
