<?xml version="1.0" encoding="utf-8"?>
<Project ToolsVersion="4.0" xmlns="http://schemas.microsoft.com/developer/msbuild/2003">
  <ItemGroup>
    <Filter Include="Source Files">
      <UniqueIdentifier>{4FC737F1-C7A5-4376-A066-2A32D752A2FF}</UniqueIdentifier>
      <Extensions>cpp;c;cc;cxx;def;odl;idl;hpj;bat;asm;asmx</Extensions>
    </Filter>
    <Filter Include="Source Files\Engine">
      <UniqueIdentifier>{1ab40e0b-4272-48b0-b363-052844cc2bd4}</UniqueIdentifier>
    </Filter>
    <Filter Include="Source Files\Engine\Controls">
      <UniqueIdentifier>{9f70ec9a-c7bb-4960-8bbe-d60ffb8017ad}</UniqueIdentifier>
    </Filter>
    <Filter Include="Source Files\Engine\Core">
      <UniqueIdentifier>{4a26305f-e9f7-451c-b0b9-b61455921e7b}</UniqueIdentifier>
    </Filter>
    <Filter Include="Source Files\Engine\Graphics">
      <UniqueIdentifier>{cd86f9d0-9cdd-4c29-83c7-20bf54914ed6}</UniqueIdentifier>
    </Filter>
    <Filter Include="Source Files\Engine\Maths">
      <UniqueIdentifier>{487fb8d1-f2f1-4940-b9ac-489cb37a9ead}</UniqueIdentifier>
    </Filter>
    <Filter Include="Source Files\Engine\ScreenSystem">
      <UniqueIdentifier>{8fbf361b-df6e-4f95-80e4-e8618191623b}</UniqueIdentifier>
    </Filter>
    <Filter Include="Source Files\Engine\Utilities">
      <UniqueIdentifier>{2901c9b5-4a75-4569-9e55-0f75ceb4d3e2}</UniqueIdentifier>
    </Filter>
    <Filter Include="Source Files\Engine\ComponentSystem">
      <UniqueIdentifier>{93ee8bd2-8e9c-4ac7-94fd-f00b0594664a}</UniqueIdentifier>
    </Filter>
    <Filter Include="Source Files\Game">
      <UniqueIdentifier>{ea15bbfe-de77-48f6-b673-0ffaee9a1f99}</UniqueIdentifier>
    </Filter>
    <Filter Include="Source Files\Game\Screens">
      <UniqueIdentifier>{5d5c8f1e-119b-4a51-ae6c-018fd2a61469}</UniqueIdentifier>
    </Filter>
    <Filter Include="Source Files\Game\Components">
      <UniqueIdentifier>{d0d4354a-43d1-4a66-9086-5c8d71cffa8c}</UniqueIdentifier>
    </Filter>
    <Filter Include="Header Files">
      <UniqueIdentifier>{93995380-89BD-4b04-88EB-625FBE52EBFB}</UniqueIdentifier>
      <Extensions>h;hpp;hxx;hm;inl;inc;xsd</Extensions>
    </Filter>
    <Filter Include="Header Files\Engine">
      <UniqueIdentifier>{7f8f1627-3cb6-462c-9dca-046d3859d638}</UniqueIdentifier>
    </Filter>
    <Filter Include="Header Files\Engine\Controls">
      <UniqueIdentifier>{187debe0-972c-402e-8068-2bda16fcece6}</UniqueIdentifier>
    </Filter>
    <Filter Include="Header Files\Engine\Core">
      <UniqueIdentifier>{cd8488f6-49ba-4fb0-834f-1d70bb92e129}</UniqueIdentifier>
    </Filter>
    <Filter Include="Header Files\Engine\Graphics">
      <UniqueIdentifier>{1e794506-2543-4f20-96f3-bfceb6d25999}</UniqueIdentifier>
    </Filter>
    <Filter Include="Header Files\Engine\Maths">
      <UniqueIdentifier>{92eb0e47-ac99-4519-9995-74760f7b1eb4}</UniqueIdentifier>
    </Filter>
    <Filter Include="Header Files\Engine\ScreenSystem">
      <UniqueIdentifier>{9173bb50-b45f-4d7a-ad0d-81b122beabb7}</UniqueIdentifier>
    </Filter>
    <Filter Include="Header Files\Engine\Utilities">
      <UniqueIdentifier>{d3a6562f-bb5f-4588-bec2-eb9606e35017}</UniqueIdentifier>
    </Filter>
    <Filter Include="Header Files\Engine\ComponentSystem">
      <UniqueIdentifier>{b912869d-0dc2-4505-b6bd-67a71483dedd}</UniqueIdentifier>
    </Filter>
    <Filter Include="Header Files\Engine\Sound">
      <UniqueIdentifier>{34d35cdc-0837-4e86-ba3b-8fb657143a78}</UniqueIdentifier>
    </Filter>
    <Filter Include="Header Files\Game">
      <UniqueIdentifier>{1cdbf27e-04a3-47a8-8507-5e2e6af6b7ff}</UniqueIdentifier>
    </Filter>
    <Filter Include="Header Files\Game\Screens">
      <UniqueIdentifier>{87df377c-39c3-4384-bd74-7d2b4f6acbf3}</UniqueIdentifier>
    </Filter>
    <Filter Include="Header Files\Game\Components">
      <UniqueIdentifier>{fc226d20-2652-47b0-a4f4-deb85ea9d3d9}</UniqueIdentifier>
    </Filter>
    <Filter Include="Resource Files">
      <UniqueIdentifier>{67DA6AB6-F800-4c08-8B7A-83BB121AAD01}</UniqueIdentifier>
      <Extensions>rc;ico;cur;bmp;dlg;rc2;rct;bin;rgs;gif;jpg;jpeg;jpe;resx;tiff;tif;png;wav</Extensions>
    </Filter>
    <Filter Include="3rd Party Libraries">
      <UniqueIdentifier>{cab6e06e-5bcd-4748-9cb9-c7e7e465a537}</UniqueIdentifier>
    </Filter>
    <Filter Include="3rd Party Includes">
      <UniqueIdentifier>{632d3d33-5455-4cae-b1d2-6210fd1528a5}</UniqueIdentifier>
    </Filter>
    <Filter Include="3rd Party Includes\GL">
      <UniqueIdentifier>{f0b4f26e-09e7-4a0a-be01-1bfa203689db}</UniqueIdentifier>
    </Filter>
    <Filter Include="3rd Party Includes\FTGL">
      <UniqueIdentifier>{fd7ecacd-cb03-41af-9717-949797bd2aeb}</UniqueIdentifier>
    </Filter>
    <Filter Include="3rd Party Includes\freetype">
      <UniqueIdentifier>{0b7e6794-fffc-42ee-a7c0-73cc58e79867}</UniqueIdentifier>
    </Filter>
    <Filter Include="3rd Party Includes\freetype\config">
      <UniqueIdentifier>{7a6ed9f5-00b9-43b9-bb0a-7c2dbc3cd759}</UniqueIdentifier>
    </Filter>
    <Filter Include="3rd Party Includes\freetype\internal">
      <UniqueIdentifier>{a43ee084-6800-445e-a55e-8c2b58d698ef}</UniqueIdentifier>
    </Filter>
    <Filter Include="3rd Party Includes\freetype\internal\services">
      <UniqueIdentifier>{89cf8bd5-5b26-4fa3-9da0-62204718a8e2}</UniqueIdentifier>
    </Filter>
    <Filter Include="3rd Party Includes\SFML">
      <UniqueIdentifier>{546d93bc-be04-4943-9c98-e808300c3c1d}</UniqueIdentifier>
    </Filter>
    <Filter Include="3rd Party Includes\SFML\Window">
      <UniqueIdentifier>{c9ce9724-db78-4819-8e66-6314162375cd}</UniqueIdentifier>
    </Filter>
    <Filter Include="3rd Party Includes\SFML\Audio">
      <UniqueIdentifier>{506ecba7-dcd4-4c59-9930-00339a3a20db}</UniqueIdentifier>
    </Filter>
    <Filter Include="3rd Party Includes\SFML\Graphics">
      <UniqueIdentifier>{a484cd89-0315-4876-b385-efe71014c29e}</UniqueIdentifier>
    </Filter>
    <Filter Include="3rd Party Includes\SFML\Network">
      <UniqueIdentifier>{a7086793-4614-493e-8076-dc711430c576}</UniqueIdentifier>
    </Filter>
    <Filter Include="3rd Party Includes\SFML\Network\Unix">
      <UniqueIdentifier>{3289448b-026a-48f8-973c-2aee5e611d04}</UniqueIdentifier>
    </Filter>
    <Filter Include="3rd Party Includes\SFML\Network\Win32">
      <UniqueIdentifier>{e2c54bdf-98e1-4b1c-a211-af82efecd5be}</UniqueIdentifier>
    </Filter>
    <Filter Include="3rd Party Includes\SFML\System">
      <UniqueIdentifier>{c8496eab-6b13-4a16-bfec-b13fe410a4c3}</UniqueIdentifier>
    </Filter>
    <Filter Include="3rd Party Includes\SFML\System\Unix">
      <UniqueIdentifier>{db8969f5-029c-4db8-ace7-4d616bf8654f}</UniqueIdentifier>
    </Filter>
    <Filter Include="3rd Party Includes\SFML\System\Win32">
      <UniqueIdentifier>{313d108c-949c-4e56-a35e-a1c6f4111a83}</UniqueIdentifier>
    </Filter>
  </ItemGroup>
  <ItemGroup>
    <ClCompile Include="main.cpp">
      <Filter>Source Files</Filter>
    </ClCompile>
    <ClCompile Include="Engine\Engine.cpp">
      <Filter>Source Files\Engine</Filter>
    </ClCompile>
    <ClCompile Include="Engine\Controls\SFMLKeyboardHandler.cpp">
      <Filter>Source Files\Engine\Controls</Filter>
    </ClCompile>
    <ClCompile Include="Engine\Controls\SFMLMouseHandler.cpp">
      <Filter>Source Files\Engine\Controls</Filter>
    </ClCompile>
    <ClCompile Include="Engine\Core\SFMLTimer.cpp">
      <Filter>Source Files\Engine\Core</Filter>
    </ClCompile>
    <ClCompile Include="Engine\Graphics\Colour.cpp">
      <Filter>Source Files\Engine\Graphics</Filter>
    </ClCompile>
    <ClCompile Include="Engine\Graphics\GameDisplay.cpp">
      <Filter>Source Files\Engine\Graphics</Filter>
    </ClCompile>
    <ClCompile Include="Engine\Graphics\Particle.cpp">
      <Filter>Source Files\Engine\Graphics</Filter>
    </ClCompile>
    <ClCompile Include="Engine\Graphics\ParticleEmitter.cpp">
      <Filter>Source Files\Engine\Graphics</Filter>
    </ClCompile>
    <ClCompile Include="Engine\Graphics\Shader.cpp">
      <Filter>Source Files\Engine\Graphics</Filter>
    </ClCompile>
    <ClCompile Include="Engine\Maths\Vector2f.cpp">
      <Filter>Source Files\Engine\Maths</Filter>
    </ClCompile>
    <ClCompile Include="Engine\ScreenSystem\Screen.cpp">
      <Filter>Source Files\Engine\ScreenSystem</Filter>
    </ClCompile>
    <ClCompile Include="Engine\ScreenSystem\ScreenManager.cpp">
      <Filter>Source Files\Engine\ScreenSystem</Filter>
    </ClCompile>
    <ClCompile Include="Engine\Utilities\ColourUtils.cpp">
      <Filter>Source Files\Engine\Utilities</Filter>
    </ClCompile>
    <ClCompile Include="Engine\Utilities\StringUtils.cpp">
      <Filter>Source Files\Engine\Utilities</Filter>
    </ClCompile>
    <ClCompile Include="Engine\ComponentSystem\GameComponent.cpp">
      <Filter>Source Files\Engine\ComponentSystem</Filter>
    </ClCompile>
    <ClCompile Include="Engine\ComponentSystem\GameObject.cpp">
      <Filter>Source Files\Engine\ComponentSystem</Filter>
    </ClCompile>
    <ClCompile Include="Game\Screens\TestScreen.cpp">
      <Filter>Source Files\Game\Screens</Filter>
    </ClCompile>
    <ClCompile Include="Game\Components\SpatialComponent.cpp">
      <Filter>Source Files\Game\Components</Filter>
    </ClCompile>
    <ClCompile Include="Game\Components\VisualRectangleComponent.cpp">
      <Filter>Source Files\Game\Components</Filter>
    </ClCompile>
    <ClCompile Include="Game\Components\VisualComponent.cpp">
      <Filter>Source Files\Game\Components</Filter>
    </ClCompile>
    <ClCompile Include="Game\Components\InputComponent.cpp">
      <Filter>Source Files\Game\Components</Filter>
    </ClCompile>
    <ClCompile Include="Game\Components\InputPlayerComponent.cpp">
      <Filter>Source Files\Game\Components</Filter>
    </ClCompile>
  </ItemGroup>
  <ItemGroup>
    <ClInclude Include="Engine\Engine.h">
      <Filter>Header Files\Engine</Filter>
    </ClInclude>
    <ClInclude Include="Engine\Controls\SFMLKeyboardHandler.h">
      <Filter>Header Files\Engine\Controls</Filter>
    </ClInclude>
    <ClInclude Include="Engine\Controls\SFMLMouseHandler.h">
      <Filter>Header Files\Engine\Controls</Filter>
    </ClInclude>
    <ClInclude Include="Engine\Core\SFMLTimer.h">
      <Filter>Header Files\Engine\Core</Filter>
    </ClInclude>
    <ClInclude Include="Engine\Graphics\Colour.h">
      <Filter>Header Files\Engine\Graphics</Filter>
    </ClInclude>
    <ClInclude Include="Engine\Graphics\GameDisplay.h">
      <Filter>Header Files\Engine\Graphics</Filter>
    </ClInclude>
    <ClInclude Include="Engine\Graphics\Particle.h">
      <Filter>Header Files\Engine\Graphics</Filter>
    </ClInclude>
    <ClInclude Include="Engine\Graphics\ParticleEmitter.h">
      <Filter>Header Files\Engine\Graphics</Filter>
    </ClInclude>
    <ClInclude Include="Engine\Graphics\Shader.h">
      <Filter>Header Files\Engine\Graphics</Filter>
    </ClInclude>
    <ClInclude Include="Engine\Maths\Vector2f.h">
      <Filter>Header Files\Engine\Maths</Filter>
    </ClInclude>
    <ClInclude Include="Engine\ScreenSystem\Screen.h">
      <Filter>Header Files\Engine\ScreenSystem</Filter>
    </ClInclude>
    <ClInclude Include="Engine\ScreenSystem\ScreenManager.h">
      <Filter>Header Files\Engine\ScreenSystem</Filter>
    </ClInclude>
    <ClInclude Include="Engine\Utilities\ColourUtils.h">
      <Filter>Header Files\Engine\Utilities</Filter>
    </ClInclude>
    <ClInclude Include="Engine\Utilities\StringUtils.h">
      <Filter>Header Files\Engine\Utilities</Filter>
    </ClInclude>
    <ClInclude Include="Engine\ComponentSystem\GameComponent.h">
      <Filter>Header Files\Engine\ComponentSystem</Filter>
    </ClInclude>
    <ClInclude Include="Engine\ComponentSystem\GameObject.h">
      <Filter>Header Files\Engine\ComponentSystem</Filter>
    </ClInclude>
    <ClInclude Include="Game\Screens\TestScreen.h">
      <Filter>Header Files\Game\Screens</Filter>
    </ClInclude>
    <ClInclude Include="Game\Components\SpatialComponent.h">
      <Filter>Header Files\Game\Components</Filter>
    </ClInclude>
    <ClInclude Include="..\..\include\ft2build.h">
      <Filter>3rd Party Includes</Filter>
    </ClInclude>
    <ClInclude Include="..\..\include\tinyxml.h">
      <Filter>3rd Party Includes</Filter>
    </ClInclude>
    <ClInclude Include="..\..\include\GL\freeglut.h">
      <Filter>3rd Party Includes\GL</Filter>
    </ClInclude>
    <ClInclude Include="..\..\include\GL\freeglut_ext.h">
      <Filter>3rd Party Includes\GL</Filter>
    </ClInclude>
    <ClInclude Include="..\..\include\GL\freeglut_std.h">
      <Filter>3rd Party Includes\GL</Filter>
    </ClInclude>
    <ClInclude Include="..\..\include\GL\glew.h">
      <Filter>3rd Party Includes\GL</Filter>
    </ClInclude>
    <ClInclude Include="..\..\include\GL\glext.h">
      <Filter>3rd Party Includes\GL</Filter>
    </ClInclude>
    <ClInclude Include="..\..\include\GL\glut.h">
      <Filter>3rd Party Includes\GL</Filter>
    </ClInclude>
    <ClInclude Include="..\..\include\GL\glxew.h">
      <Filter>3rd Party Includes\GL</Filter>
    </ClInclude>
    <ClInclude Include="..\..\include\GL\wglew.h">
      <Filter>3rd Party Includes\GL</Filter>
    </ClInclude>
    <ClInclude Include="..\..\include\FTGL\FTBBox.h">
      <Filter>3rd Party Includes\FTGL</Filter>
    </ClInclude>
    <ClInclude Include="..\..\include\FTGL\FTBitmapGlyph.h">
      <Filter>3rd Party Includes\FTGL</Filter>
    </ClInclude>
    <ClInclude Include="..\..\include\FTGL\FTBuffer.h">
      <Filter>3rd Party Includes\FTGL</Filter>
    </ClInclude>
    <ClInclude Include="..\..\include\FTGL\FTBufferFont.h">
      <Filter>3rd Party Includes\FTGL</Filter>
    </ClInclude>
    <ClInclude Include="..\..\include\FTGL\FTBufferGlyph.h">
      <Filter>3rd Party Includes\FTGL</Filter>
    </ClInclude>
    <ClInclude Include="..\..\include\FTGL\FTExtrdGlyph.h">
      <Filter>3rd Party Includes\FTGL</Filter>
    </ClInclude>
    <ClInclude Include="..\..\include\FTGL\FTFont.h">
      <Filter>3rd Party Includes\FTGL</Filter>
    </ClInclude>
    <ClInclude Include="..\..\include\FTGL\ftgl.h">
      <Filter>3rd Party Includes\FTGL</Filter>
    </ClInclude>
    <ClInclude Include="..\..\include\FTGL\FTGLBitmapFont.h">
      <Filter>3rd Party Includes\FTGL</Filter>
    </ClInclude>
    <ClInclude Include="..\..\include\FTGL\FTGLExtrdFont.h">
      <Filter>3rd Party Includes\FTGL</Filter>
    </ClInclude>
    <ClInclude Include="..\..\include\FTGL\FTGLOutlineFont.h">
      <Filter>3rd Party Includes\FTGL</Filter>
    </ClInclude>
    <ClInclude Include="..\..\include\FTGL\FTGLPixmapFont.h">
      <Filter>3rd Party Includes\FTGL</Filter>
    </ClInclude>
    <ClInclude Include="..\..\include\FTGL\FTGLPolygonFont.h">
      <Filter>3rd Party Includes\FTGL</Filter>
    </ClInclude>
    <ClInclude Include="..\..\include\FTGL\FTGLTextureFont.h">
      <Filter>3rd Party Includes\FTGL</Filter>
    </ClInclude>
    <ClInclude Include="..\..\include\FTGL\FTGlyph.h">
      <Filter>3rd Party Includes\FTGL</Filter>
    </ClInclude>
    <ClInclude Include="..\..\include\FTGL\FTLayout.h">
      <Filter>3rd Party Includes\FTGL</Filter>
    </ClInclude>
    <ClInclude Include="..\..\include\FTGL\FTOutlineGlyph.h">
      <Filter>3rd Party Includes\FTGL</Filter>
    </ClInclude>
    <ClInclude Include="..\..\include\FTGL\FTPixmapGlyph.h">
      <Filter>3rd Party Includes\FTGL</Filter>
    </ClInclude>
    <ClInclude Include="..\..\include\FTGL\FTPoint.h">
      <Filter>3rd Party Includes\FTGL</Filter>
    </ClInclude>
    <ClInclude Include="..\..\include\FTGL\FTPolyGlyph.h">
      <Filter>3rd Party Includes\FTGL</Filter>
    </ClInclude>
    <ClInclude Include="..\..\include\FTGL\FTSimpleLayout.h">
      <Filter>3rd Party Includes\FTGL</Filter>
    </ClInclude>
    <ClInclude Include="..\..\include\FTGL\FTTextureGlyph.h">
      <Filter>3rd Party Includes\FTGL</Filter>
    </ClInclude>
    <ClInclude Include="..\..\include\freetype\freetype.h">
      <Filter>3rd Party Includes\freetype</Filter>
    </ClInclude>
    <ClInclude Include="..\..\include\freetype\ftadvanc.h">
      <Filter>3rd Party Includes\freetype</Filter>
    </ClInclude>
    <ClInclude Include="..\..\include\freetype\ftbbox.h">
      <Filter>3rd Party Includes\freetype</Filter>
    </ClInclude>
    <ClInclude Include="..\..\include\freetype\ftbdf.h">
      <Filter>3rd Party Includes\freetype</Filter>
    </ClInclude>
    <ClInclude Include="..\..\include\freetype\ftbitmap.h">
      <Filter>3rd Party Includes\freetype</Filter>
    </ClInclude>
    <ClInclude Include="..\..\include\freetype\ftcache.h">
      <Filter>3rd Party Includes\freetype</Filter>
    </ClInclude>
    <ClInclude Include="..\..\include\freetype\ftchapters.h">
      <Filter>3rd Party Includes\freetype</Filter>
    </ClInclude>
    <ClInclude Include="..\..\include\freetype\ftcid.h">
      <Filter>3rd Party Includes\freetype</Filter>
    </ClInclude>
    <ClInclude Include="..\..\include\freetype\fterrdef.h">
      <Filter>3rd Party Includes\freetype</Filter>
    </ClInclude>
    <ClInclude Include="..\..\include\freetype\fterrors.h">
      <Filter>3rd Party Includes\freetype</Filter>
    </ClInclude>
    <ClInclude Include="..\..\include\freetype\ftgasp.h">
      <Filter>3rd Party Includes\freetype</Filter>
    </ClInclude>
    <ClInclude Include="..\..\include\freetype\ftglyph.h">
      <Filter>3rd Party Includes\freetype</Filter>
    </ClInclude>
    <ClInclude Include="..\..\include\freetype\ftgxval.h">
      <Filter>3rd Party Includes\freetype</Filter>
    </ClInclude>
    <ClInclude Include="..\..\include\freetype\ftgzip.h">
      <Filter>3rd Party Includes\freetype</Filter>
    </ClInclude>
    <ClInclude Include="..\..\include\freetype\ftimage.h">
      <Filter>3rd Party Includes\freetype</Filter>
    </ClInclude>
    <ClInclude Include="..\..\include\freetype\ftincrem.h">
      <Filter>3rd Party Includes\freetype</Filter>
    </ClInclude>
    <ClInclude Include="..\..\include\freetype\ftlcdfil.h">
      <Filter>3rd Party Includes\freetype</Filter>
    </ClInclude>
    <ClInclude Include="..\..\include\freetype\ftlist.h">
      <Filter>3rd Party Includes\freetype</Filter>
    </ClInclude>
    <ClInclude Include="..\..\include\freetype\ftlzw.h">
      <Filter>3rd Party Includes\freetype</Filter>
    </ClInclude>
    <ClInclude Include="..\..\include\freetype\ftmac.h">
      <Filter>3rd Party Includes\freetype</Filter>
    </ClInclude>
    <ClInclude Include="..\..\include\freetype\ftmm.h">
      <Filter>3rd Party Includes\freetype</Filter>
    </ClInclude>
    <ClInclude Include="..\..\include\freetype\ftmodapi.h">
      <Filter>3rd Party Includes\freetype</Filter>
    </ClInclude>
    <ClInclude Include="..\..\include\freetype\ftmoderr.h">
      <Filter>3rd Party Includes\freetype</Filter>
    </ClInclude>
    <ClInclude Include="..\..\include\freetype\ftotval.h">
      <Filter>3rd Party Includes\freetype</Filter>
    </ClInclude>
    <ClInclude Include="..\..\include\freetype\ftoutln.h">
      <Filter>3rd Party Includes\freetype</Filter>
    </ClInclude>
    <ClInclude Include="..\..\include\freetype\ftpfr.h">
      <Filter>3rd Party Includes\freetype</Filter>
    </ClInclude>
    <ClInclude Include="..\..\include\freetype\ftrender.h">
      <Filter>3rd Party Includes\freetype</Filter>
    </ClInclude>
    <ClInclude Include="..\..\include\freetype\ftsizes.h">
      <Filter>3rd Party Includes\freetype</Filter>
    </ClInclude>
    <ClInclude Include="..\..\include\freetype\ftsnames.h">
      <Filter>3rd Party Includes\freetype</Filter>
    </ClInclude>
    <ClInclude Include="..\..\include\freetype\ftstroke.h">
      <Filter>3rd Party Includes\freetype</Filter>
    </ClInclude>
    <ClInclude Include="..\..\include\freetype\ftsynth.h">
      <Filter>3rd Party Includes\freetype</Filter>
    </ClInclude>
    <ClInclude Include="..\..\include\freetype\ftsystem.h">
      <Filter>3rd Party Includes\freetype</Filter>
    </ClInclude>
    <ClInclude Include="..\..\include\freetype\fttrigon.h">
      <Filter>3rd Party Includes\freetype</Filter>
    </ClInclude>
    <ClInclude Include="..\..\include\freetype\fttypes.h">
      <Filter>3rd Party Includes\freetype</Filter>
    </ClInclude>
    <ClInclude Include="..\..\include\freetype\ftwinfnt.h">
      <Filter>3rd Party Includes\freetype</Filter>
    </ClInclude>
    <ClInclude Include="..\..\include\freetype\ftxf86.h">
      <Filter>3rd Party Includes\freetype</Filter>
    </ClInclude>
    <ClInclude Include="..\..\include\freetype\t1tables.h">
      <Filter>3rd Party Includes\freetype</Filter>
    </ClInclude>
    <ClInclude Include="..\..\include\freetype\ttnameid.h">
      <Filter>3rd Party Includes\freetype</Filter>
    </ClInclude>
    <ClInclude Include="..\..\include\freetype\tttables.h">
      <Filter>3rd Party Includes\freetype</Filter>
    </ClInclude>
    <ClInclude Include="..\..\include\freetype\tttags.h">
      <Filter>3rd Party Includes\freetype</Filter>
    </ClInclude>
    <ClInclude Include="..\..\include\freetype\ttunpat.h">
      <Filter>3rd Party Includes\freetype</Filter>
    </ClInclude>
    <ClInclude Include="..\..\include\freetype\config\ftconfig.h">
      <Filter>3rd Party Includes\freetype\config</Filter>
    </ClInclude>
    <ClInclude Include="..\..\include\freetype\config\ftheader.h">
      <Filter>3rd Party Includes\freetype\config</Filter>
    </ClInclude>
    <ClInclude Include="..\..\include\freetype\config\ftmodule.h">
      <Filter>3rd Party Includes\freetype\config</Filter>
    </ClInclude>
    <ClInclude Include="..\..\include\freetype\config\ftoption.h">
      <Filter>3rd Party Includes\freetype\config</Filter>
    </ClInclude>
    <ClInclude Include="..\..\include\freetype\config\ftstdlib.h">
      <Filter>3rd Party Includes\freetype\config</Filter>
    </ClInclude>
    <ClInclude Include="..\..\include\freetype\internal\autohint.h">
      <Filter>3rd Party Includes\freetype\internal</Filter>
    </ClInclude>
    <ClInclude Include="..\..\include\freetype\internal\ftcalc.h">
      <Filter>3rd Party Includes\freetype\internal</Filter>
    </ClInclude>
    <ClInclude Include="..\..\include\freetype\internal\ftdebug.h">
      <Filter>3rd Party Includes\freetype\internal</Filter>
    </ClInclude>
    <ClInclude Include="..\..\include\freetype\internal\ftdriver.h">
      <Filter>3rd Party Includes\freetype\internal</Filter>
    </ClInclude>
    <ClInclude Include="..\..\include\freetype\internal\ftgloadr.h">
      <Filter>3rd Party Includes\freetype\internal</Filter>
    </ClInclude>
    <ClInclude Include="..\..\include\freetype\internal\ftmemory.h">
      <Filter>3rd Party Includes\freetype\internal</Filter>
    </ClInclude>
    <ClInclude Include="..\..\include\freetype\internal\ftobjs.h">
      <Filter>3rd Party Includes\freetype\internal</Filter>
    </ClInclude>
    <ClInclude Include="..\..\include\freetype\internal\ftpic.h">
      <Filter>3rd Party Includes\freetype\internal</Filter>
    </ClInclude>
    <ClInclude Include="..\..\include\freetype\internal\ftrfork.h">
      <Filter>3rd Party Includes\freetype\internal</Filter>
    </ClInclude>
    <ClInclude Include="..\..\include\freetype\internal\ftserv.h">
      <Filter>3rd Party Includes\freetype\internal</Filter>
    </ClInclude>
    <ClInclude Include="..\..\include\freetype\internal\ftstream.h">
      <Filter>3rd Party Includes\freetype\internal</Filter>
    </ClInclude>
    <ClInclude Include="..\..\include\freetype\internal\fttrace.h">
      <Filter>3rd Party Includes\freetype\internal</Filter>
    </ClInclude>
    <ClInclude Include="..\..\include\freetype\internal\ftvalid.h">
      <Filter>3rd Party Includes\freetype\internal</Filter>
    </ClInclude>
    <ClInclude Include="..\..\include\freetype\internal\internal.h">
      <Filter>3rd Party Includes\freetype\internal</Filter>
    </ClInclude>
    <ClInclude Include="..\..\include\freetype\internal\pcftypes.h">
      <Filter>3rd Party Includes\freetype\internal</Filter>
    </ClInclude>
    <ClInclude Include="..\..\include\freetype\internal\psaux.h">
      <Filter>3rd Party Includes\freetype\internal</Filter>
    </ClInclude>
    <ClInclude Include="..\..\include\freetype\internal\pshints.h">
      <Filter>3rd Party Includes\freetype\internal</Filter>
    </ClInclude>
    <ClInclude Include="..\..\include\freetype\internal\sfnt.h">
      <Filter>3rd Party Includes\freetype\internal</Filter>
    </ClInclude>
    <ClInclude Include="..\..\include\freetype\internal\t1types.h">
      <Filter>3rd Party Includes\freetype\internal</Filter>
    </ClInclude>
    <ClInclude Include="..\..\include\freetype\internal\tttypes.h">
      <Filter>3rd Party Includes\freetype\internal</Filter>
    </ClInclude>
    <ClInclude Include="..\..\include\freetype\internal\services\svbdf.h">
      <Filter>3rd Party Includes\freetype\internal\services</Filter>
    </ClInclude>
    <ClInclude Include="..\..\include\freetype\internal\services\svcid.h">
      <Filter>3rd Party Includes\freetype\internal\services</Filter>
    </ClInclude>
    <ClInclude Include="..\..\include\freetype\internal\services\svgldict.h">
      <Filter>3rd Party Includes\freetype\internal\services</Filter>
    </ClInclude>
    <ClInclude Include="..\..\include\freetype\internal\services\svgxval.h">
      <Filter>3rd Party Includes\freetype\internal\services</Filter>
    </ClInclude>
    <ClInclude Include="..\..\include\freetype\internal\services\svkern.h">
      <Filter>3rd Party Includes\freetype\internal\services</Filter>
    </ClInclude>
    <ClInclude Include="..\..\include\freetype\internal\services\svmm.h">
      <Filter>3rd Party Includes\freetype\internal\services</Filter>
    </ClInclude>
    <ClInclude Include="..\..\include\freetype\internal\services\svotval.h">
      <Filter>3rd Party Includes\freetype\internal\services</Filter>
    </ClInclude>
    <ClInclude Include="..\..\include\freetype\internal\services\svpfr.h">
      <Filter>3rd Party Includes\freetype\internal\services</Filter>
    </ClInclude>
    <ClInclude Include="..\..\include\freetype\internal\services\svpostnm.h">
      <Filter>3rd Party Includes\freetype\internal\services</Filter>
    </ClInclude>
    <ClInclude Include="..\..\include\freetype\internal\services\svpscmap.h">
      <Filter>3rd Party Includes\freetype\internal\services</Filter>
    </ClInclude>
    <ClInclude Include="..\..\include\freetype\internal\services\svpsinfo.h">
      <Filter>3rd Party Includes\freetype\internal\services</Filter>
    </ClInclude>
    <ClInclude Include="..\..\include\freetype\internal\services\svsfnt.h">
      <Filter>3rd Party Includes\freetype\internal\services</Filter>
    </ClInclude>
    <ClInclude Include="..\..\include\freetype\internal\services\svttcmap.h">
      <Filter>3rd Party Includes\freetype\internal\services</Filter>
    </ClInclude>
    <ClInclude Include="..\..\include\freetype\internal\services\svtteng.h">
      <Filter>3rd Party Includes\freetype\internal\services</Filter>
    </ClInclude>
    <ClInclude Include="..\..\include\freetype\internal\services\svttglyf.h">
      <Filter>3rd Party Includes\freetype\internal\services</Filter>
    </ClInclude>
    <ClInclude Include="..\..\include\freetype\internal\services\svwinfnt.h">
      <Filter>3rd Party Includes\freetype\internal\services</Filter>
    </ClInclude>
    <ClInclude Include="..\..\include\freetype\internal\services\svxf86nm.h">
      <Filter>3rd Party Includes\freetype\internal\services</Filter>
    </ClInclude>
    <ClInclude Include="..\..\include\SFML\Audio.hpp">
      <Filter>3rd Party Includes\SFML</Filter>
    </ClInclude>
    <ClInclude Include="..\..\include\SFML\Config.hpp">
      <Filter>3rd Party Includes\SFML</Filter>
    </ClInclude>
    <ClInclude Include="..\..\include\SFML\Graphics.hpp">
      <Filter>3rd Party Includes\SFML</Filter>
    </ClInclude>
    <ClInclude Include="..\..\include\SFML\Network.hpp">
      <Filter>3rd Party Includes\SFML</Filter>
    </ClInclude>
    <ClInclude Include="..\..\include\SFML\System.hpp">
      <Filter>3rd Party Includes\SFML</Filter>
    </ClInclude>
    <ClInclude Include="..\..\include\SFML\Window.hpp">
      <Filter>3rd Party Includes\SFML</Filter>
    </ClInclude>
    <ClInclude Include="..\..\include\SFML\Window\Context.hpp">
      <Filter>3rd Party Includes\SFML\Window</Filter>
    </ClInclude>
    <ClInclude Include="..\..\include\SFML\Window\Event.hpp">
      <Filter>3rd Party Includes\SFML\Window</Filter>
    </ClInclude>
    <ClInclude Include="..\..\include\SFML\Window\Input.hpp">
      <Filter>3rd Party Includes\SFML\Window</Filter>
    </ClInclude>
    <ClInclude Include="..\..\include\SFML\Window\OpenGL.hpp">
      <Filter>3rd Party Includes\SFML\Window</Filter>
    </ClInclude>
    <ClInclude Include="..\..\include\SFML\Window\VideoMode.hpp">
      <Filter>3rd Party Includes\SFML\Window</Filter>
    </ClInclude>
    <ClInclude Include="..\..\include\SFML\Window\Window.hpp">
      <Filter>3rd Party Includes\SFML\Window</Filter>
    </ClInclude>
    <ClInclude Include="..\..\include\SFML\Window\WindowHandle.hpp">
      <Filter>3rd Party Includes\SFML\Window</Filter>
    </ClInclude>
    <ClInclude Include="..\..\include\SFML\Window\WindowListener.hpp">
      <Filter>3rd Party Includes\SFML\Window</Filter>
    </ClInclude>
    <ClInclude Include="..\..\include\SFML\Window\WindowSettings.hpp">
      <Filter>3rd Party Includes\SFML\Window</Filter>
    </ClInclude>
    <ClInclude Include="..\..\include\SFML\Window\WindowStyle.hpp">
      <Filter>3rd Party Includes\SFML\Window</Filter>
    </ClInclude>
    <ClInclude Include="..\..\include\SFML\Audio\AudioResource.hpp">
      <Filter>3rd Party Includes\SFML\Audio</Filter>
    </ClInclude>
    <ClInclude Include="..\..\include\SFML\Audio\Listener.hpp">
      <Filter>3rd Party Includes\SFML\Audio</Filter>
    </ClInclude>
    <ClInclude Include="..\..\include\SFML\Audio\Music.hpp">
      <Filter>3rd Party Includes\SFML\Audio</Filter>
    </ClInclude>
    <ClInclude Include="..\..\include\SFML\Audio\Sound.hpp">
      <Filter>3rd Party Includes\SFML\Audio</Filter>
    </ClInclude>
    <ClInclude Include="..\..\include\SFML\Audio\SoundBuffer.hpp">
      <Filter>3rd Party Includes\SFML\Audio</Filter>
    </ClInclude>
    <ClInclude Include="..\..\include\SFML\Audio\SoundBufferRecorder.hpp">
      <Filter>3rd Party Includes\SFML\Audio</Filter>
    </ClInclude>
    <ClInclude Include="..\..\include\SFML\Audio\SoundRecorder.hpp">
      <Filter>3rd Party Includes\SFML\Audio</Filter>
    </ClInclude>
    <ClInclude Include="..\..\include\SFML\Audio\SoundStream.hpp">
      <Filter>3rd Party Includes\SFML\Audio</Filter>
    </ClInclude>
    <ClInclude Include="..\..\include\SFML\Graphics\Color.hpp">
      <Filter>3rd Party Includes\SFML\Graphics</Filter>
    </ClInclude>
    <ClInclude Include="..\..\include\SFML\Graphics\Drawable.hpp">
      <Filter>3rd Party Includes\SFML\Graphics</Filter>
    </ClInclude>
    <ClInclude Include="..\..\include\SFML\Graphics\Font.hpp">
      <Filter>3rd Party Includes\SFML\Graphics</Filter>
    </ClInclude>
    <ClInclude Include="..\..\include\SFML\Graphics\Glyph.hpp">
      <Filter>3rd Party Includes\SFML\Graphics</Filter>
    </ClInclude>
    <ClInclude Include="..\..\include\SFML\Graphics\Image.hpp">
      <Filter>3rd Party Includes\SFML\Graphics</Filter>
    </ClInclude>
    <ClInclude Include="..\..\include\SFML\Graphics\Matrix3.hpp">
      <Filter>3rd Party Includes\SFML\Graphics</Filter>
    </ClInclude>
    <ClInclude Include="..\..\include\SFML\Graphics\PostFX.hpp">
      <Filter>3rd Party Includes\SFML\Graphics</Filter>
    </ClInclude>
    <ClInclude Include="..\..\include\SFML\Graphics\Rect.hpp">
      <Filter>3rd Party Includes\SFML\Graphics</Filter>
    </ClInclude>
    <ClInclude Include="..\..\include\SFML\Graphics\RenderTarget.hpp">
      <Filter>3rd Party Includes\SFML\Graphics</Filter>
    </ClInclude>
    <ClInclude Include="..\..\include\SFML\Graphics\RenderWindow.hpp">
      <Filter>3rd Party Includes\SFML\Graphics</Filter>
    </ClInclude>
    <ClInclude Include="..\..\include\SFML\Graphics\Shape.hpp">
      <Filter>3rd Party Includes\SFML\Graphics</Filter>
    </ClInclude>
    <ClInclude Include="..\..\include\SFML\Graphics\Sprite.hpp">
      <Filter>3rd Party Includes\SFML\Graphics</Filter>
    </ClInclude>
    <ClInclude Include="..\..\include\SFML\Graphics\String.hpp">
      <Filter>3rd Party Includes\SFML\Graphics</Filter>
    </ClInclude>
    <ClInclude Include="..\..\include\SFML\Graphics\View.hpp">
      <Filter>3rd Party Includes\SFML\Graphics</Filter>
    </ClInclude>
    <ClInclude Include="..\..\include\SFML\Network\Ftp.hpp">
      <Filter>3rd Party Includes\SFML\Network</Filter>
    </ClInclude>
    <ClInclude Include="..\..\include\SFML\Network\Http.hpp">
      <Filter>3rd Party Includes\SFML\Network</Filter>
    </ClInclude>
    <ClInclude Include="..\..\include\SFML\Network\IPAddress.hpp">
      <Filter>3rd Party Includes\SFML\Network</Filter>
    </ClInclude>
    <ClInclude Include="..\..\include\SFML\Network\Packet.hpp">
      <Filter>3rd Party Includes\SFML\Network</Filter>
    </ClInclude>
    <ClInclude Include="..\..\include\SFML\Network\Selector.hpp">
      <Filter>3rd Party Includes\SFML\Network</Filter>
    </ClInclude>
    <ClInclude Include="..\..\include\SFML\Network\SelectorBase.hpp">
      <Filter>3rd Party Includes\SFML\Network</Filter>
    </ClInclude>
    <ClInclude Include="..\..\include\SFML\Network\SocketHelper.hpp">
      <Filter>3rd Party Includes\SFML\Network</Filter>
    </ClInclude>
    <ClInclude Include="..\..\include\SFML\Network\Sockets.hpp">
      <Filter>3rd Party Includes\SFML\Network</Filter>
    </ClInclude>
    <ClInclude Include="..\..\include\SFML\Network\SocketTCP.hpp">
      <Filter>3rd Party Includes\SFML\Network</Filter>
    </ClInclude>
    <ClInclude Include="..\..\include\SFML\Network\SocketUDP.hpp">
      <Filter>3rd Party Includes\SFML\Network</Filter>
    </ClInclude>
    <ClInclude Include="..\..\include\SFML\Network\Unix\SocketHelper.hpp">
      <Filter>3rd Party Includes\SFML\Network\Unix</Filter>
    </ClInclude>
    <ClInclude Include="..\..\include\SFML\Network\Win32\SocketHelper.hpp">
      <Filter>3rd Party Includes\SFML\Network\Win32</Filter>
    </ClInclude>
    <ClInclude Include="..\..\include\SFML\System\Clock.hpp">
      <Filter>3rd Party Includes\SFML\System</Filter>
    </ClInclude>
    <ClInclude Include="..\..\include\SFML\System\Lock.hpp">
      <Filter>3rd Party Includes\SFML\System</Filter>
    </ClInclude>
    <ClInclude Include="..\..\include\SFML\System\Mutex.hpp">
      <Filter>3rd Party Includes\SFML\System</Filter>
    </ClInclude>
    <ClInclude Include="..\..\include\SFML\System\NonCopyable.hpp">
      <Filter>3rd Party Includes\SFML\System</Filter>
    </ClInclude>
    <ClInclude Include="..\..\include\SFML\System\Randomizer.hpp">
      <Filter>3rd Party Includes\SFML\System</Filter>
    </ClInclude>
    <ClInclude Include="..\..\include\SFML\System\Resource.hpp">
      <Filter>3rd Party Includes\SFML\System</Filter>
    </ClInclude>
    <ClInclude Include="..\..\include\SFML\System\Sleep.hpp">
      <Filter>3rd Party Includes\SFML\System</Filter>
    </ClInclude>
    <ClInclude Include="..\..\include\SFML\System\Thread.hpp">
      <Filter>3rd Party Includes\SFML\System</Filter>
    </ClInclude>
    <ClInclude Include="..\..\include\SFML\System\Unicode.hpp">
      <Filter>3rd Party Includes\SFML\System</Filter>
    </ClInclude>
    <ClInclude Include="..\..\include\SFML\System\Vector2.hpp">
      <Filter>3rd Party Includes\SFML\System</Filter>
    </ClInclude>
    <ClInclude Include="..\..\include\SFML\System\Vector3.hpp">
      <Filter>3rd Party Includes\SFML\System</Filter>
    </ClInclude>
    <ClInclude Include="..\..\include\SFML\System\Unix\Mutex.hpp">
      <Filter>3rd Party Includes\SFML\System\Unix</Filter>
    </ClInclude>
    <ClInclude Include="..\..\include\SFML\System\Unix\Thread.hpp">
      <Filter>3rd Party Includes\SFML\System\Unix</Filter>
    </ClInclude>
    <ClInclude Include="..\..\include\SFML\System\Win32\Mutex.hpp">
      <Filter>3rd Party Includes\SFML\System\Win32</Filter>
    </ClInclude>
    <ClInclude Include="..\..\include\SFML\System\Win32\Thread.hpp">
      <Filter>3rd Party Includes\SFML\System\Win32</Filter>
    </ClInclude>
    <ClInclude Include="Game\Components\VisualComponent.h">
      <Filter>Header Files\Game\Components</Filter>
    </ClInclude>
    <ClInclude Include="Game\Components\VisualRectangleComponent.h">
      <Filter>Header Files\Game\Components</Filter>
    </ClInclude>
    <ClInclude Include="Game\Components\InputComponent.h">
      <Filter>Header Files\Game\Components</Filter>
    </ClInclude>
    <ClInclude Include="Game\Components\InputPlayerComponent.h">
      <Filter>Header Files\Game\Components</Filter>
    </ClInclude>
  </ItemGroup>
  <ItemGroup>
    <Library Include="..\..\lib\freetype2312.lib">
      <Filter>3rd Party Libraries</Filter>
    </Library>
    <Library Include="..\..\lib\ftgl_static.lib">
      <Filter>3rd Party Libraries</Filter>
    </Library>
    <Library Include="..\..\lib\glew32s.lib">
      <Filter>3rd Party Libraries</Filter>
    </Library>
    <Library Include="..\..\lib\sfml-audio-s.lib">
      <Filter>3rd Party Libraries</Filter>
    </Library>
    <Library Include="..\..\lib\sfml-graphics-s.lib">
      <Filter>3rd Party Libraries</Filter>
    </Library>
    <Library Include="..\..\lib\sfml-main.lib">
      <Filter>3rd Party Libraries</Filter>
    </Library>
    <Library Include="..\..\lib\sfml-network-s.lib">
      <Filter>3rd Party Libraries</Filter>
    </Library>
    <Library Include="..\..\lib\sfml-system-s.lib">
      <Filter>3rd Party Libraries</Filter>
    </Library>
    <Library Include="..\..\lib\sfml-window-s.lib">
      <Filter>3rd Party Libraries</Filter>
    </Library>
    <Library Include="..\..\lib\tinyxml_STL.lib">
      <Filter>3rd Party Libraries</Filter>
    </Library>
  </ItemGroup>
  <ItemGroup>
    <None Include="..\..\include\SFML\Graphics\Matrix3.inl">
      <Filter>3rd Party Includes\SFML\Graphics</Filter>
    </None>
    <None Include="..\..\include\SFML\Graphics\Rect.inl">
      <Filter>3rd Party Includes\SFML\Graphics</Filter>
    </None>
    <None Include="..\..\include\SFML\Network\Selector.inl">
      <Filter>3rd Party Includes\SFML\Network</Filter>
    </None>
    <None Include="..\..\include\SFML\System\Resource.inl">
      <Filter>3rd Party Includes\SFML\System</Filter>
    </None>
    <None Include="..\..\include\SFML\System\ResourcePtr.inl">
      <Filter>3rd Party Includes\SFML\System</Filter>
    </None>
    <None Include="..\..\include\SFML\System\Unicode.inl">
      <Filter>3rd Party Includes\SFML\System</Filter>
    </None>
    <None Include="..\..\include\SFML\System\Vector2.inl">
      <Filter>3rd Party Includes\SFML\System</Filter>
    </None>
    <None Include="..\..\include\SFML\System\Vector3.inl">
      <Filter>3rd Party Includes\SFML\System</Filter>
    </None>
  </ItemGroup>
</Project>