<?xml version="1.0" encoding="utf-8"?>
<Project ToolsVersion="4.0" xmlns="http://schemas.microsoft.com/developer/msbuild/2003">
  <ItemGroup>
    <Filter Include="Audio">
      <UniqueIdentifier>{352D66D4-CC31-2C45-AAAE-7C68D00BD707}</UniqueIdentifier>
    </Filter>
    <Filter Include="ComponentSystem">
      <UniqueIdentifier>{368F72CB-6EED-4143-8BC2-1B778E5C9C4C}</UniqueIdentifier>
    </Filter>
    <Filter Include="Controls">
      <UniqueIdentifier>{251C2C29-C6BE-CD4B-9B18-D22B6AEE746F}</UniqueIdentifier>
    </Filter>
    <Filter Include="Graphics">
      <UniqueIdentifier>{654E554A-7DE7-0042-A8F2-A99BE5F77425}</UniqueIdentifier>
    </Filter>
    <Filter Include="Graphics\GameWindows">
      <UniqueIdentifier>{87BF146B-20FC-5243-BDBB-27447C4F6BEF}</UniqueIdentifier>
    </Filter>
    <Filter Include="Graphics\ParticleSystem">
      <UniqueIdentifier>{E4296A90-D5C8-2148-BB9C-1295E12860B0}</UniqueIdentifier>
    </Filter>
    <Filter Include="Graphics\Renderers">
      <UniqueIdentifier>{308AC793-AA24-6746-AC52-6645987F4687}</UniqueIdentifier>
    </Filter>
    <Filter Include="Maths">
      <UniqueIdentifier>{F7158DE6-BED2-0E45-B834-46A88038EA07}</UniqueIdentifier>
    </Filter>
    <Filter Include="MessagingSystem">
      <UniqueIdentifier>{35054214-85B3-AD4E-AE4A-83BFE0E14C83}</UniqueIdentifier>
    </Filter>
    <Filter Include="ScreenSystem">
      <UniqueIdentifier>{7146E33C-69FF-A944-B2A0-28CB55A5F06A}</UniqueIdentifier>
    </Filter>
    <Filter Include="Scripting">
      <UniqueIdentifier>{53A0BED7-2CCA-1A4A-A8F6-DDF700090157}</UniqueIdentifier>
    </Filter>
    <Filter Include="Utilities">
      <UniqueIdentifier>{E856D3D7-E165-6641-A36D-00682A9D23DF}</UniqueIdentifier>
    </Filter>
  </ItemGroup>
  <ItemGroup>
    <ClInclude Include="Engine.h" />
    <ClInclude Include="FlatWorld.h" />
    <ClInclude Include="Audio\ISound.h">
      <Filter>Audio</Filter>
    </ClInclude>
    <ClInclude Include="Audio\SFMLSound.h">
      <Filter>Audio</Filter>
    </ClInclude>
    <ClInclude Include="ComponentSystem\GameObject.h">
      <Filter>ComponentSystem</Filter>
    </ClInclude>
    <ClInclude Include="ComponentSystem\GOComponent.h">
      <Filter>ComponentSystem</Filter>
    </ClInclude>
    <ClInclude Include="ComponentSystem\GOCTemplate.h">
      <Filter>ComponentSystem</Filter>
    </ClInclude>
    <ClInclude Include="ComponentSystem\GOTemplate.h">
      <Filter>ComponentSystem</Filter>
    </ClInclude>
    <ClInclude Include="ComponentSystem\GOTManager.h">
      <Filter>ComponentSystem</Filter>
    </ClInclude>
    <ClInclude Include="ComponentSystem\typedefs.h">
      <Filter>ComponentSystem</Filter>
    </ClInclude>
    <ClInclude Include="Controls\SFMLKeyboardHandler.h">
      <Filter>Controls</Filter>
    </ClInclude>
    <ClInclude Include="Controls\SFMLMouseHandler.h">
      <Filter>Controls</Filter>
    </ClInclude>
    <ClInclude Include="Graphics\Colour.h">
      <Filter>Graphics</Filter>
    </ClInclude>
    <ClInclude Include="Graphics\Font.h">
      <Filter>Graphics</Filter>
    </ClInclude>
    <ClInclude Include="Graphics\IGameWindow.h">
      <Filter>Graphics</Filter>
    </ClInclude>
    <ClInclude Include="Graphics\IRenderer.h">
      <Filter>Graphics</Filter>
    </ClInclude>
    <ClInclude Include="Graphics\RenderManager.h">
      <Filter>Graphics</Filter>
    </ClInclude>
    <ClInclude Include="Graphics\Shader.h">
      <Filter>Graphics</Filter>
    </ClInclude>
    <ClInclude Include="Graphics\TextureManager.h">
      <Filter>Graphics</Filter>
    </ClInclude>
    <ClInclude Include="Graphics\GameWindows\SFMLGameWindow.h">
      <Filter>Graphics\GameWindows</Filter>
    </ClInclude>
    <ClInclude Include="Graphics\ParticleSystem\Particle.h">
      <Filter>Graphics\ParticleSystem</Filter>
    </ClInclude>
    <ClInclude Include="Graphics\ParticleSystem\ParticleEmitter.h">
      <Filter>Graphics\ParticleSystem</Filter>
    </ClInclude>
    <ClInclude Include="Graphics\Renderers\RendererGL.h">
      <Filter>Graphics\Renderers</Filter>
    </ClInclude>
    <ClInclude Include="Graphics\Renderers\RendererGL3.h">
      <Filter>Graphics\Renderers</Filter>
    </ClInclude>
    <ClInclude Include="Maths\Rectangle.h">
      <Filter>Maths</Filter>
    </ClInclude>
    <ClInclude Include="Maths\Transform.h">
      <Filter>Maths</Filter>
    </ClInclude>
    <ClInclude Include="Maths\Vector2f.h">
      <Filter>Maths</Filter>
    </ClInclude>
    <ClInclude Include="MessagingSystem\IMessagingSystem.h">
      <Filter>MessagingSystem</Filter>
    </ClInclude>
    <ClInclude Include="MessagingSystem\Message.h">
      <Filter>MessagingSystem</Filter>
    </ClInclude>
    <ClInclude Include="MessagingSystem\MessagingSystem.h">
      <Filter>MessagingSystem</Filter>
    </ClInclude>
    <ClInclude Include="ScreenSystem\Screen.h">
      <Filter>ScreenSystem</Filter>
    </ClInclude>
    <ClInclude Include="ScreenSystem\ScreenManager.h">
      <Filter>ScreenSystem</Filter>
    </ClInclude>
    <ClInclude Include="Scripting\Python.h">
      <Filter>Scripting</Filter>
    </ClInclude>
    <ClInclude Include="Utilities\ColourUtilities.h">
      <Filter>Utilities</Filter>
    </ClInclude>
    <ClInclude Include="Utilities\MathsUtilities.h">
      <Filter>Utilities</Filter>
    </ClInclude>
    <ClInclude Include="Utilities\StringUtilites.h">
      <Filter>Utilities</Filter>
    </ClInclude>
    <ClInclude Include="Utilities\Timer.h">
      <Filter>Utilities</Filter>
    </ClInclude>
  </ItemGroup>
  <ItemGroup>
    <ClCompile Include="Engine.cpp" />
    <ClCompile Include="Audio\SFMLSound.cpp">
      <Filter>Audio</Filter>
    </ClCompile>
    <ClCompile Include="ComponentSystem\GameObject.cpp">
      <Filter>ComponentSystem</Filter>
    </ClCompile>
    <ClCompile Include="ComponentSystem\GOTemplate.cpp">
      <Filter>ComponentSystem</Filter>
    </ClCompile>
    <ClCompile Include="ComponentSystem\GOTManager.cpp">
      <Filter>ComponentSystem</Filter>
    </ClCompile>
    <ClCompile Include="Controls\SFMLKeyboardHandler.cpp">
      <Filter>Controls</Filter>
    </ClCompile>
    <ClCompile Include="Controls\SFMLMouseHandler.cpp">
      <Filter>Controls</Filter>
    </ClCompile>
    <ClCompile Include="Graphics\Colour.cpp">
      <Filter>Graphics</Filter>
    </ClCompile>
    <ClCompile Include="Graphics\Font.cpp">
      <Filter>Graphics</Filter>
    </ClCompile>
    <ClCompile Include="Graphics\RenderManager.cpp">
      <Filter>Graphics</Filter>
    </ClCompile>
    <ClCompile Include="Graphics\Shader.cpp">
      <Filter>Graphics</Filter>
    </ClCompile>
    <ClCompile Include="Graphics\TextureManager.cpp">
      <Filter>Graphics</Filter>
    </ClCompile>
    <ClCompile Include="Graphics\GameWindows\SFMLGameWindow.cpp">
      <Filter>Graphics\GameWindows</Filter>
    </ClCompile>
    <ClCompile Include="Graphics\ParticleSystem\Particle.cpp">
      <Filter>Graphics\ParticleSystem</Filter>
    </ClCompile>
    <ClCompile Include="Graphics\ParticleSystem\ParticleEmitter.cpp">
      <Filter>Graphics\ParticleSystem</Filter>
    </ClCompile>
    <ClCompile Include="Graphics\Renderers\RendererGL.cpp">
      <Filter>Graphics\Renderers</Filter>
    </ClCompile>
    <ClCompile Include="Graphics\Renderers\RendererGL3.cpp">
      <Filter>Graphics\Renderers</Filter>
    </ClCompile>
    <ClCompile Include="Maths\Rectangle.cpp">
      <Filter>Maths</Filter>
    </ClCompile>
    <ClCompile Include="Maths\Transform.cpp">
      <Filter>Maths</Filter>
    </ClCompile>
    <ClCompile Include="Maths\Vector2f.cpp">
      <Filter>Maths</Filter>
    </ClCompile>
    <ClCompile Include="MessagingSystem\IMessagingSystem.cpp">
      <Filter>MessagingSystem</Filter>
    </ClCompile>
    <ClCompile Include="MessagingSystem\Message.cpp">
      <Filter>MessagingSystem</Filter>
    </ClCompile>
    <ClCompile Include="MessagingSystem\MessagingSystem.cpp">
      <Filter>MessagingSystem</Filter>
    </ClCompile>
    <ClCompile Include="ScreenSystem\ScreenManager.cpp">
      <Filter>ScreenSystem</Filter>
    </ClCompile>
    <ClCompile Include="Scripting\Python.cpp">
      <Filter>Scripting</Filter>
    </ClCompile>
    <ClCompile Include="Utilities\ColourUtilities.cpp">
      <Filter>Utilities</Filter>
    </ClCompile>
    <ClCompile Include="Utilities\Timer.cpp">
      <Filter>Utilities</Filter>
    </ClCompile>
  </ItemGroup>
</Project>
